
Microsoft Visual Studio Solution File, Format Version 12.00
# Visual Studio 15
VisualStudioVersion = 15.0.27428.2043
MinimumVisualStudioVersion = 10.0.40219.1
Project("{FAE04EC0-301F-11D3-BF4B-00C04F79EFBC}") = "App1", "App1.csproj", "{D90FC060-FC53-475B-B097-5199A0D0E674}"
EndProject
Global
	GlobalSection(SolutionConfigurationPlatforms) = preSolution
		Debug|ARM = Debug|ARM
		Debug|x64 = Debug|x64
		Debug|x86 = Debug|x86
		Release|ARM = Release|ARM
		Release|x64 = Release|x64
		Release|x86 = Release|x86
	EndGlobalSection
	GlobalSection(ProjectConfigurationPlatforms) = postSolution
		{D90FC060-FC53-475B-B097-5199A0D0E674}.Debug|ARM.ActiveCfg = Debug|ARM
		{D90FC060-FC53-475B-B097-5199A0D0E674}.Debug|ARM.Build.0 = Debug|ARM
		{D90FC060-FC53-475B-B097-5199A0D0E674}.Debug|ARM.Deploy.0 = Debug|ARM
		{D90FC060-FC53-475B-B097-5199A0D0E674}.Debug|x64.ActiveCfg = Debug|x64
		{D90FC060-FC53-475B-B097-5199A0D0E674}.Debug|x64.Build.0 = Debug|x64
		{D90FC060-FC53-475B-B097-5199A0D0E674}.Debug|x64.Deploy.0 = Debug|x64
		{D90FC060-FC53-475B-B097-5199A0D0E674}.Debug|x86.ActiveCfg = Debug|x86
		{D90FC060-FC53-475B-B097-5199A0D0E674}.Debug|x86.Build.0 = Debug|x86
		{D90FC060-FC53-475B-B097-5199A0D0E674}.Debug|x86.Deploy.0 = Debug|x86
		{D90FC060-FC53-475B-B097-5199A0D0E674}.Release|ARM.ActiveCfg = Release|ARM
		{D90FC060-FC53-475B-B097-5199A0D0E674}.Release|ARM.Build.0 = Release|ARM
		{D90FC060-FC53-475B-B097-5199A0D0E674}.Release|ARM.Deploy.0 = Release|ARM
		{D90FC060-FC53-475B-B097-5199A0D0E674}.Release|x64.ActiveCfg = Release|x64
		{D90FC060-FC53-475B-B097-5199A0D0E674}.Release|x64.Build.0 = Release|x64
		{D90FC060-FC53-475B-B097-5199A0D0E674}.Release|x64.Deploy.0 = Release|x64
		{D90FC060-FC53-475B-B097-5199A0D0E674}.Release|x86.ActiveCfg = Release|x86
		{D90FC060-FC53-475B-B097-5199A0D0E674}.Release|x86.Build.0 = Release|x86
		{D90FC060-FC53-475B-B097-5199A0D0E674}.Release|x86.Deploy.0 = Release|x86
	EndGlobalSection
	GlobalSection(SolutionProperties) = preSolution
		HideSolutionNode = FALSE
	EndGlobalSection
	GlobalSection(ExtensibilityGlobals) = postSolution
		SolutionGuid = {0F0D6B7E-BE21-4A7E-BC69-8B11D8C256AA}
	EndGlobalSection
EndGlobal
